
Microsoft Visual Studio Solution File, Format Version 12.00
# Visual Studio 15
VisualStudioVersion = 15.0.28307.572
MinimumVisualStudioVersion = 10.0.40219.1
Project("{FAE04EC0-301F-11D3-BF4B-00C04F79EFBC}") = "MkvToMp4", "MkvToMp4\MkvToMp4.csproj", "{3EA22C1F-0D9C-4B1B-BD2F-97E1E668303C}"
EndProject
Global
	GlobalSection(SolutionConfigurationPlatforms) = preSolution
		Debug|Any CPU = Debug|Any CPU
		Release|Any CPU = Release|Any CPU
	EndGlobalSection
	GlobalSection(ProjectConfigurationPlatforms) = postSolution
		{3EA22C1F-0D9C-4B1B-BD2F-97E1E668303C}.Debug|Any CPU.ActiveCfg = Debug|Any CPU
		{3EA22C1F-0D9C-4B1B-BD2F-97E1E668303C}.Debug|Any CPU.Build.0 = Debug|Any CPU
		{3EA22C1F-0D9C-4B1B-BD2F-97E1E668303C}.Release|Any CPU.ActiveCfg = Release|Any CPU
		{3EA22C1F-0D9C-4B1B-BD2F-97E1E668303C}.Release|Any CPU.Build.0 = Release|Any CPU
	EndGlobalSection
	GlobalSection(SolutionProperties) = preSolution
		HideSolutionNode = FALSE
	EndGlobalSection
	GlobalSection(ExtensibilityGlobals) = postSolution
		SolutionGuid = {C12D9521-8F4D-4D19-9791-EF217DB3BEA4}
	EndGlobalSection
EndGlobal
